
Microsoft Visual Studio Solution File, Format Version 12.00
# Visual Studio Version 17
VisualStudioVersion = 17.0.31903.59
MinimumVisualStudioVersion = 10.0.40219.1
Project("{FAE04EC0-301F-11D3-BF4B-00C04F79EFBC}") = "test", "test.csproj", "{FB0C78A9-30A7-4613-8227-E0370B3EEE29}"
EndProject
Global
	GlobalSection(SolutionConfigurationPlatforms) = preSolution
		Debug|Any CPU = Debug|Any CPU
		Release|Any CPU = Release|Any CPU
	EndGlobalSection
	GlobalSection(SolutionProperties) = preSolution
		HideSolutionNode = FALSE
	EndGlobalSection
	GlobalSection(ProjectConfigurationPlatforms) = postSolution
		{FB0C78A9-30A7-4613-8227-E0370B3EEE29}.Debug|Any CPU.ActiveCfg = Debug|Any CPU
		{FB0C78A9-30A7-4613-8227-E0370B3EEE29}.Debug|Any CPU.Build.0 = Debug|Any CPU
		{FB0C78A9-30A7-4613-8227-E0370B3EEE29}.Release|Any CPU.ActiveCfg = Release|Any CPU
		{FB0C78A9-30A7-4613-8227-E0370B3EEE29}.Release|Any CPU.Build.0 = Release|Any CPU
		{48808D4D-E697-4140-8D59-73B11492CE1B}.Debug|Any CPU.ActiveCfg = Debug|Any CPU
		{48808D4D-E697-4140-8D59-73B11492CE1B}.Debug|Any CPU.Build.0 = Debug|Any CPU
		{48808D4D-E697-4140-8D59-73B11492CE1B}.Release|Any CPU.ActiveCfg = Release|Any CPU
		{48808D4D-E697-4140-8D59-73B11492CE1B}.Release|Any CPU.Build.0 = Release|Any CPU
	EndGlobalSection
EndGlobal
