
Microsoft Visual Studio Solution File, Format Version 12.00
# Visual Studio Version 17
VisualStudioVersion = 17.8.34322.80
MinimumVisualStudioVersion = 10.0.40219.1
Project("{FAE04EC0-301F-11D3-BF4B-00C04F79EFBC}") = "BurrowsWheeler", "BurrowsWheeler\BurrowsWheeler.csproj", "{C1EE3502-3B79-44A0-AE8B-B51F63A56FDC}"
EndProject
Project("{FAE04EC0-301F-11D3-BF4B-00C04F79EFBC}") = "BurrowsWheeler.Tests", "BurrowsWheeler.Tests\BurrowsWheeler.Tests.csproj", "{0AEBBD2E-650D-42B0-A0E1-F041E044D33F}"
EndProject
Global
	GlobalSection(SolutionConfigurationPlatforms) = preSolution
		Debug|Any CPU = Debug|Any CPU
		Release|Any CPU = Release|Any CPU
	EndGlobalSection
	GlobalSection(ProjectConfigurationPlatforms) = postSolution
		{C1EE3502-3B79-44A0-AE8B-B51F63A56FDC}.Debug|Any CPU.ActiveCfg = Debug|Any CPU
		{C1EE3502-3B79-44A0-AE8B-B51F63A56FDC}.Debug|Any CPU.Build.0 = Debug|Any CPU
		{C1EE3502-3B79-44A0-AE8B-B51F63A56FDC}.Release|Any CPU.ActiveCfg = Release|Any CPU
		{C1EE3502-3B79-44A0-AE8B-B51F63A56FDC}.Release|Any CPU.Build.0 = Release|Any CPU
		{0AEBBD2E-650D-42B0-A0E1-F041E044D33F}.Debug|Any CPU.ActiveCfg = Debug|Any CPU
		{0AEBBD2E-650D-42B0-A0E1-F041E044D33F}.Debug|Any CPU.Build.0 = Debug|Any CPU
		{0AEBBD2E-650D-42B0-A0E1-F041E044D33F}.Release|Any CPU.ActiveCfg = Release|Any CPU
		{0AEBBD2E-650D-42B0-A0E1-F041E044D33F}.Release|Any CPU.Build.0 = Release|Any CPU
	EndGlobalSection
	GlobalSection(SolutionProperties) = preSolution
		HideSolutionNode = FALSE
	EndGlobalSection
	GlobalSection(ExtensibilityGlobals) = postSolution
		SolutionGuid = {3AA823B2-0096-42E2-A5AC-D821FD0E2C54}
	EndGlobalSection
EndGlobal
