
Microsoft Visual Studio Solution File, Format Version 12.00
# Visual Studio Version 17
VisualStudioVersion = 17.0.31903.59
MinimumVisualStudioVersion = 10.0.40219.1
Project("{FAE04EC0-301F-11D3-BF4B-00C04F79EFBC}") = "Lambdas", "Lambdas\Lambdas.csproj", "{0838DF29-A946-4185-9AFF-7A022CF6D421}"
EndProject
Project("{FAE04EC0-301F-11D3-BF4B-00C04F79EFBC}") = "Lambdas.Tests", "Lambdas.Tests\Lambdas.Tests.csproj", "{B52342EC-E512-4175-AAB0-F525CEAAB02E}"
EndProject
Global
	GlobalSection(SolutionConfigurationPlatforms) = preSolution
		Debug|Any CPU = Debug|Any CPU
		Release|Any CPU = Release|Any CPU
	EndGlobalSection
	GlobalSection(SolutionProperties) = preSolution
		HideSolutionNode = FALSE
	EndGlobalSection
	GlobalSection(ProjectConfigurationPlatforms) = postSolution
		{0838DF29-A946-4185-9AFF-7A022CF6D421}.Debug|Any CPU.ActiveCfg = Debug|Any CPU
		{0838DF29-A946-4185-9AFF-7A022CF6D421}.Debug|Any CPU.Build.0 = Debug|Any CPU
		{0838DF29-A946-4185-9AFF-7A022CF6D421}.Release|Any CPU.ActiveCfg = Release|Any CPU
		{0838DF29-A946-4185-9AFF-7A022CF6D421}.Release|Any CPU.Build.0 = Release|Any CPU
		{B52342EC-E512-4175-AAB0-F525CEAAB02E}.Debug|Any CPU.ActiveCfg = Debug|Any CPU
		{B52342EC-E512-4175-AAB0-F525CEAAB02E}.Debug|Any CPU.Build.0 = Debug|Any CPU
		{B52342EC-E512-4175-AAB0-F525CEAAB02E}.Release|Any CPU.ActiveCfg = Release|Any CPU
		{B52342EC-E512-4175-AAB0-F525CEAAB02E}.Release|Any CPU.Build.0 = Release|Any CPU
	EndGlobalSection
EndGlobal
